
Microsoft Visual Studio Solution File, Format Version 12.00
# Visual Studio 15
VisualStudioVersion = 15.0.28307.1062
MinimumVisualStudioVersion = 10.0.40219.1
Project("{8BC9CEB8-8B4A-11D0-8D11-00A0C91BC942}") = "FactoryPattern", "DesignPattern\DesignPattern.vcxproj", "{2926B8A3-4FDD-42E2-A926-B73E23F861C7}"
EndProject
Project("{8BC9CEB8-8B4A-11D0-8D11-00A0C91BC942}") = "AbstractFactoryPattern", "AbstractFactoryPattern\AbstractFactoryPattern.vcxproj", "{DEB6CACD-E9A6-4E5C-A924-C6583ED05221}"
EndProject
Project("{8BC9CEB8-8B4A-11D0-8D11-00A0C91BC942}") = "SingletonPattern", "SingletonPattern\SingletonPattern.vcxproj", "{68532791-7C6D-4E52-BD48-DEC02A05EE16}"
EndProject
Project("{8BC9CEB8-8B4A-11D0-8D11-00A0C91BC942}") = "BuilderPattern", "BuilderPattern\BuilderPattern.vcxproj", "{B8F4000E-CA09-4C6D-A03B-9A2DD2F24E69}"
EndProject
Project("{8BC9CEB8-8B4A-11D0-8D11-00A0C91BC942}") = "PrototypePattern", "PrototypePattern\PrototypePattern.vcxproj", "{A1028159-1283-4AE4-9D1A-871025ABB536}"
EndProject
Project("{8BC9CEB8-8B4A-11D0-8D11-00A0C91BC942}") = "AdapterPattern", "AdapterPattern\AdapterPattern.vcxproj", "{3102B369-EE24-4B3B-A339-483CB740B6D4}"
EndProject
Project("{8BC9CEB8-8B4A-11D0-8D11-00A0C91BC942}") = "BridgePattern", "BridgePattern\BridgePattern.vcxproj", "{73208F29-E71E-41CA-B0F1-7ED76A9C0505}"
EndProject
Project("{8BC9CEB8-8B4A-11D0-8D11-00A0C91BC942}") = "FilterPattern", "FilterPattern\FilterPattern.vcxproj", "{B7095D56-E8AC-455E-BE3B-60267053E9E6}"
EndProject
Project("{8BC9CEB8-8B4A-11D0-8D11-00A0C91BC942}") = "CompositePattern", "CompositePattern\CompositePattern.vcxproj", "{DAC3723E-E122-41CC-9173-7D5B337A0EAE}"
EndProject
Global
	GlobalSection(SolutionConfigurationPlatforms) = preSolution
		Debug|x64 = Debug|x64
		Debug|x86 = Debug|x86
		Release|x64 = Release|x64
		Release|x86 = Release|x86
	EndGlobalSection
	GlobalSection(ProjectConfigurationPlatforms) = postSolution
		{2926B8A3-4FDD-42E2-A926-B73E23F861C7}.Debug|x64.ActiveCfg = Debug|x64
		{2926B8A3-4FDD-42E2-A926-B73E23F861C7}.Debug|x64.Build.0 = Debug|x64
		{2926B8A3-4FDD-42E2-A926-B73E23F861C7}.Debug|x86.ActiveCfg = Debug|Win32
		{2926B8A3-4FDD-42E2-A926-B73E23F861C7}.Debug|x86.Build.0 = Debug|Win32
		{2926B8A3-4FDD-42E2-A926-B73E23F861C7}.Release|x64.ActiveCfg = Release|x64
		{2926B8A3-4FDD-42E2-A926-B73E23F861C7}.Release|x64.Build.0 = Release|x64
		{2926B8A3-4FDD-42E2-A926-B73E23F861C7}.Release|x86.ActiveCfg = Release|Win32
		{2926B8A3-4FDD-42E2-A926-B73E23F861C7}.Release|x86.Build.0 = Release|Win32
		{DEB6CACD-E9A6-4E5C-A924-C6583ED05221}.Debug|x64.ActiveCfg = Debug|x64
		{DEB6CACD-E9A6-4E5C-A924-C6583ED05221}.Debug|x64.Build.0 = Debug|x64
		{DEB6CACD-E9A6-4E5C-A924-C6583ED05221}.Debug|x86.ActiveCfg = Debug|Win32
		{DEB6CACD-E9A6-4E5C-A924-C6583ED05221}.Debug|x86.Build.0 = Debug|Win32
		{DEB6CACD-E9A6-4E5C-A924-C6583ED05221}.Release|x64.ActiveCfg = Release|x64
		{DEB6CACD-E9A6-4E5C-A924-C6583ED05221}.Release|x64.Build.0 = Release|x64
		{DEB6CACD-E9A6-4E5C-A924-C6583ED05221}.Release|x86.ActiveCfg = Release|Win32
		{DEB6CACD-E9A6-4E5C-A924-C6583ED05221}.Release|x86.Build.0 = Release|Win32
		{68532791-7C6D-4E52-BD48-DEC02A05EE16}.Debug|x64.ActiveCfg = Debug|x64
		{68532791-7C6D-4E52-BD48-DEC02A05EE16}.Debug|x64.Build.0 = Debug|x64
		{68532791-7C6D-4E52-BD48-DEC02A05EE16}.Debug|x86.ActiveCfg = Debug|Win32
		{68532791-7C6D-4E52-BD48-DEC02A05EE16}.Debug|x86.Build.0 = Debug|Win32
		{68532791-7C6D-4E52-BD48-DEC02A05EE16}.Release|x64.ActiveCfg = Release|x64
		{68532791-7C6D-4E52-BD48-DEC02A05EE16}.Release|x64.Build.0 = Release|x64
		{68532791-7C6D-4E52-BD48-DEC02A05EE16}.Release|x86.ActiveCfg = Release|Win32
		{68532791-7C6D-4E52-BD48-DEC02A05EE16}.Release|x86.Build.0 = Release|Win32
		{B8F4000E-CA09-4C6D-A03B-9A2DD2F24E69}.Debug|x64.ActiveCfg = Debug|x64
		{B8F4000E-CA09-4C6D-A03B-9A2DD2F24E69}.Debug|x64.Build.0 = Debug|x64
		{B8F4000E-CA09-4C6D-A03B-9A2DD2F24E69}.Debug|x86.ActiveCfg = Debug|Win32
		{B8F4000E-CA09-4C6D-A03B-9A2DD2F24E69}.Debug|x86.Build.0 = Debug|Win32
		{B8F4000E-CA09-4C6D-A03B-9A2DD2F24E69}.Release|x64.ActiveCfg = Release|x64
		{B8F4000E-CA09-4C6D-A03B-9A2DD2F24E69}.Release|x64.Build.0 = Release|x64
		{B8F4000E-CA09-4C6D-A03B-9A2DD2F24E69}.Release|x86.ActiveCfg = Release|Win32
		{B8F4000E-CA09-4C6D-A03B-9A2DD2F24E69}.Release|x86.Build.0 = Release|Win32
		{A1028159-1283-4AE4-9D1A-871025ABB536}.Debug|x64.ActiveCfg = Debug|x64
		{A1028159-1283-4AE4-9D1A-871025ABB536}.Debug|x64.Build.0 = Debug|x64
		{A1028159-1283-4AE4-9D1A-871025ABB536}.Debug|x86.ActiveCfg = Debug|Win32
		{A1028159-1283-4AE4-9D1A-871025ABB536}.Debug|x86.Build.0 = Debug|Win32
		{A1028159-1283-4AE4-9D1A-871025ABB536}.Release|x64.ActiveCfg = Release|x64
		{A1028159-1283-4AE4-9D1A-871025ABB536}.Release|x64.Build.0 = Release|x64
		{A1028159-1283-4AE4-9D1A-871025ABB536}.Release|x86.ActiveCfg = Release|Win32
		{A1028159-1283-4AE4-9D1A-871025ABB536}.Release|x86.Build.0 = Release|Win32
		{3102B369-EE24-4B3B-A339-483CB740B6D4}.Debug|x64.ActiveCfg = Debug|x64
		{3102B369-EE24-4B3B-A339-483CB740B6D4}.Debug|x64.Build.0 = Debug|x64
		{3102B369-EE24-4B3B-A339-483CB740B6D4}.Debug|x86.ActiveCfg = Debug|Win32
		{3102B369-EE24-4B3B-A339-483CB740B6D4}.Debug|x86.Build.0 = Debug|Win32
		{3102B369-EE24-4B3B-A339-483CB740B6D4}.Release|x64.ActiveCfg = Release|x64
		{3102B369-EE24-4B3B-A339-483CB740B6D4}.Release|x64.Build.0 = Release|x64
		{3102B369-EE24-4B3B-A339-483CB740B6D4}.Release|x86.ActiveCfg = Release|Win32
		{3102B369-EE24-4B3B-A339-483CB740B6D4}.Release|x86.Build.0 = Release|Win32
		{73208F29-E71E-41CA-B0F1-7ED76A9C0505}.Debug|x64.ActiveCfg = Debug|x64
		{73208F29-E71E-41CA-B0F1-7ED76A9C0505}.Debug|x64.Build.0 = Debug|x64
		{73208F29-E71E-41CA-B0F1-7ED76A9C0505}.Debug|x86.ActiveCfg = Debug|Win32
		{73208F29-E71E-41CA-B0F1-7ED76A9C0505}.Debug|x86.Build.0 = Debug|Win32
		{73208F29-E71E-41CA-B0F1-7ED76A9C0505}.Release|x64.ActiveCfg = Release|x64
		{73208F29-E71E-41CA-B0F1-7ED76A9C0505}.Release|x64.Build.0 = Release|x64
		{73208F29-E71E-41CA-B0F1-7ED76A9C0505}.Release|x86.ActiveCfg = Release|Win32
		{73208F29-E71E-41CA-B0F1-7ED76A9C0505}.Release|x86.Build.0 = Release|Win32
		{B7095D56-E8AC-455E-BE3B-60267053E9E6}.Debug|x64.ActiveCfg = Debug|x64
		{B7095D56-E8AC-455E-BE3B-60267053E9E6}.Debug|x64.Build.0 = Debug|x64
		{B7095D56-E8AC-455E-BE3B-60267053E9E6}.Debug|x86.ActiveCfg = Debug|Win32
		{B7095D56-E8AC-455E-BE3B-60267053E9E6}.Debug|x86.Build.0 = Debug|Win32
		{B7095D56-E8AC-455E-BE3B-60267053E9E6}.Release|x64.ActiveCfg = Release|x64
		{B7095D56-E8AC-455E-BE3B-60267053E9E6}.Release|x64.Build.0 = Release|x64
		{B7095D56-E8AC-455E-BE3B-60267053E9E6}.Release|x86.ActiveCfg = Release|Win32
		{B7095D56-E8AC-455E-BE3B-60267053E9E6}.Release|x86.Build.0 = Release|Win32
		{DAC3723E-E122-41CC-9173-7D5B337A0EAE}.Debug|x64.ActiveCfg = Debug|x64
		{DAC3723E-E122-41CC-9173-7D5B337A0EAE}.Debug|x64.Build.0 = Debug|x64
		{DAC3723E-E122-41CC-9173-7D5B337A0EAE}.Debug|x86.ActiveCfg = Debug|Win32
		{DAC3723E-E122-41CC-9173-7D5B337A0EAE}.Debug|x86.Build.0 = Debug|Win32
		{DAC3723E-E122-41CC-9173-7D5B337A0EAE}.Release|x64.ActiveCfg = Release|x64
		{DAC3723E-E122-41CC-9173-7D5B337A0EAE}.Release|x64.Build.0 = Release|x64
		{DAC3723E-E122-41CC-9173-7D5B337A0EAE}.Release|x86.ActiveCfg = Release|Win32
		{DAC3723E-E122-41CC-9173-7D5B337A0EAE}.Release|x86.Build.0 = Release|Win32
	EndGlobalSection
	GlobalSection(SolutionProperties) = preSolution
		HideSolutionNode = FALSE
	EndGlobalSection
	GlobalSection(ExtensibilityGlobals) = postSolution
		SolutionGuid = {803E1F7D-CF47-436D-ADDF-CE4D2729B0DC}
	EndGlobalSection
EndGlobal
