
Microsoft Visual Studio Solution File, Format Version 12.00
# Visual Studio 15
VisualStudioVersion = 15.0.28307.1062
MinimumVisualStudioVersion = 10.0.40219.1
Project("{8BC9CEB8-8B4A-11D0-8D11-00A0C91BC942}") = "FactoryPattern", "DesignPattern\DesignPattern.vcxproj", "{2926B8A3-4FDD-42E2-A926-B73E23F861C7}"
EndProject
Project("{8BC9CEB8-8B4A-11D0-8D11-00A0C91BC942}") = "AbstractFactoryPattern", "AbstractFactoryPattern\AbstractFactoryPattern.vcxproj", "{DEB6CACD-E9A6-4E5C-A924-C6583ED05221}"
EndProject
Project("{8BC9CEB8-8B4A-11D0-8D11-00A0C91BC942}") = "SingletonPattern", "SingletonPattern\SingletonPattern.vcxproj", "{68532791-7C6D-4E52-BD48-DEC02A05EE16}"
EndProject
Project("{8BC9CEB8-8B4A-11D0-8D11-00A0C91BC942}") = "BuilderPattern", "BuilderPattern\BuilderPattern.vcxproj", "{B8F4000E-CA09-4C6D-A03B-9A2DD2F24E69}"
EndProject
Project("{8BC9CEB8-8B4A-11D0-8D11-00A0C91BC942}") = "PrototypePattern", "PrototypePattern\PrototypePattern.vcxproj", "{A1028159-1283-4AE4-9D1A-871025ABB536}"
EndProject
Project("{8BC9CEB8-8B4A-11D0-8D11-00A0C91BC942}") = "AdapterPattern", "AdapterPattern\AdapterPattern.vcxproj", "{3102B369-EE24-4B3B-A339-483CB740B6D4}"
EndProject
Project("{8BC9CEB8-8B4A-11D0-8D11-00A0C91BC942}") = "BridgePattern", "BridgePattern\BridgePattern.vcxproj", "{73208F29-E71E-41CA-B0F1-7ED76A9C0505}"
EndProject
Project("{8BC9CEB8-8B4A-11D0-8D11-00A0C91BC942}") = "FilterPattern", "FilterPattern\FilterPattern.vcxproj", "{B7095D56-E8AC-455E-BE3B-60267053E9E6}"
EndProject
Project("{8BC9CEB8-8B4A-11D0-8D11-00A0C91BC942}") = "CompositePattern", "CompositePattern\CompositePattern.vcxproj", "{DAC3723E-E122-41CC-9173-7D5B337A0EAE}"
EndProject
Project("{8BC9CEB8-8B4A-11D0-8D11-00A0C91BC942}") = "DecoratorPattern", "DecoratorPattern\DecoratorPattern.vcxproj", "{5172CFBD-24CA-4519-AFBC-EA05D9A3F09C}"
EndProject
Project("{8BC9CEB8-8B4A-11D0-8D11-00A0C91BC942}") = "FacadePattern", "FacadePattern\FacadePattern.vcxproj", "{6D87877C-C38E-4F2B-908D-F55396989501}"
EndProject
Project("{8BC9CEB8-8B4A-11D0-8D11-00A0C91BC942}") = "FlyweightPattern", "FlyweightPattern\FlyweightPattern.vcxproj", "{73D9744B-95E2-45F6-A951-CADF9EB549E7}"
EndProject
Project("{8BC9CEB8-8B4A-11D0-8D11-00A0C91BC942}") = "ProxyPattern", "ProxyPattern\ProxyPattern.vcxproj", "{FD8B9A06-C59F-46F1-88CE-CD01579CE5EE}"
EndProject
Project("{8BC9CEB8-8B4A-11D0-8D11-00A0C91BC942}") = "ChainofResponsibilityPattern", "ChainofResponsibilityPattern\ChainofResponsibilityPattern.vcxproj", "{DEE91302-9EF0-4748-A8D1-D0DB2385FD8D}"
EndProject
Project("{8BC9CEB8-8B4A-11D0-8D11-00A0C91BC942}") = "CommandPattern", "CommandPattern\CommandPattern.vcxproj", "{DC0048A5-54EF-436F-A703-6269DAE5EEAF}"
EndProject
Project("{8BC9CEB8-8B4A-11D0-8D11-00A0C91BC942}") = "InterpreterPattern", "InterpreterPattern\InterpreterPattern.vcxproj", "{9221D56C-D02C-42DA-86AE-AC8B20897D77}"
EndProject
Project("{8BC9CEB8-8B4A-11D0-8D11-00A0C91BC942}") = "IteratorPattern", "IteratorPattern\IteratorPattern.vcxproj", "{7CDD37B7-57CD-483F-A2DD-A09D09B5CB49}"
EndProject
Project("{8BC9CEB8-8B4A-11D0-8D11-00A0C91BC942}") = "MediatorPattern", "MediatorPattern\MediatorPattern.vcxproj", "{CFF3D15C-9DD2-4B14-B6CB-B7E55C72BB6B}"
EndProject
Project("{8BC9CEB8-8B4A-11D0-8D11-00A0C91BC942}") = "MementoPattern", "MementoPattern\MementoPattern.vcxproj", "{84156A1B-25AF-4605-BE7D-EF78C9DBE779}"
EndProject
Global
	GlobalSection(SolutionConfigurationPlatforms) = preSolution
		Debug|x64 = Debug|x64
		Debug|x86 = Debug|x86
		Release|x64 = Release|x64
		Release|x86 = Release|x86
	EndGlobalSection
	GlobalSection(ProjectConfigurationPlatforms) = postSolution
		{2926B8A3-4FDD-42E2-A926-B73E23F861C7}.Debug|x64.ActiveCfg = Debug|x64
		{2926B8A3-4FDD-42E2-A926-B73E23F861C7}.Debug|x64.Build.0 = Debug|x64
		{2926B8A3-4FDD-42E2-A926-B73E23F861C7}.Debug|x86.ActiveCfg = Debug|Win32
		{2926B8A3-4FDD-42E2-A926-B73E23F861C7}.Debug|x86.Build.0 = Debug|Win32
		{2926B8A3-4FDD-42E2-A926-B73E23F861C7}.Release|x64.ActiveCfg = Release|x64
		{2926B8A3-4FDD-42E2-A926-B73E23F861C7}.Release|x64.Build.0 = Release|x64
		{2926B8A3-4FDD-42E2-A926-B73E23F861C7}.Release|x86.ActiveCfg = Release|Win32
		{2926B8A3-4FDD-42E2-A926-B73E23F861C7}.Release|x86.Build.0 = Release|Win32
		{DEB6CACD-E9A6-4E5C-A924-C6583ED05221}.Debug|x64.ActiveCfg = Debug|x64
		{DEB6CACD-E9A6-4E5C-A924-C6583ED05221}.Debug|x64.Build.0 = Debug|x64
		{DEB6CACD-E9A6-4E5C-A924-C6583ED05221}.Debug|x86.ActiveCfg = Debug|Win32
		{DEB6CACD-E9A6-4E5C-A924-C6583ED05221}.Debug|x86.Build.0 = Debug|Win32
		{DEB6CACD-E9A6-4E5C-A924-C6583ED05221}.Release|x64.ActiveCfg = Release|x64
		{DEB6CACD-E9A6-4E5C-A924-C6583ED05221}.Release|x64.Build.0 = Release|x64
		{DEB6CACD-E9A6-4E5C-A924-C6583ED05221}.Release|x86.ActiveCfg = Release|Win32
		{DEB6CACD-E9A6-4E5C-A924-C6583ED05221}.Release|x86.Build.0 = Release|Win32
		{68532791-7C6D-4E52-BD48-DEC02A05EE16}.Debug|x64.ActiveCfg = Debug|x64
		{68532791-7C6D-4E52-BD48-DEC02A05EE16}.Debug|x64.Build.0 = Debug|x64
		{68532791-7C6D-4E52-BD48-DEC02A05EE16}.Debug|x86.ActiveCfg = Debug|Win32
		{68532791-7C6D-4E52-BD48-DEC02A05EE16}.Debug|x86.Build.0 = Debug|Win32
		{68532791-7C6D-4E52-BD48-DEC02A05EE16}.Release|x64.ActiveCfg = Release|x64
		{68532791-7C6D-4E52-BD48-DEC02A05EE16}.Release|x64.Build.0 = Release|x64
		{68532791-7C6D-4E52-BD48-DEC02A05EE16}.Release|x86.ActiveCfg = Release|Win32
		{68532791-7C6D-4E52-BD48-DEC02A05EE16}.Release|x86.Build.0 = Release|Win32
		{B8F4000E-CA09-4C6D-A03B-9A2DD2F24E69}.Debug|x64.ActiveCfg = Debug|x64
		{B8F4000E-CA09-4C6D-A03B-9A2DD2F24E69}.Debug|x64.Build.0 = Debug|x64
		{B8F4000E-CA09-4C6D-A03B-9A2DD2F24E69}.Debug|x86.ActiveCfg = Debug|Win32
		{B8F4000E-CA09-4C6D-A03B-9A2DD2F24E69}.Debug|x86.Build.0 = Debug|Win32
		{B8F4000E-CA09-4C6D-A03B-9A2DD2F24E69}.Release|x64.ActiveCfg = Release|x64
		{B8F4000E-CA09-4C6D-A03B-9A2DD2F24E69}.Release|x64.Build.0 = Release|x64
		{B8F4000E-CA09-4C6D-A03B-9A2DD2F24E69}.Release|x86.ActiveCfg = Release|Win32
		{B8F4000E-CA09-4C6D-A03B-9A2DD2F24E69}.Release|x86.Build.0 = Release|Win32
		{A1028159-1283-4AE4-9D1A-871025ABB536}.Debug|x64.ActiveCfg = Debug|x64
		{A1028159-1283-4AE4-9D1A-871025ABB536}.Debug|x64.Build.0 = Debug|x64
		{A1028159-1283-4AE4-9D1A-871025ABB536}.Debug|x86.ActiveCfg = Debug|Win32
		{A1028159-1283-4AE4-9D1A-871025ABB536}.Debug|x86.Build.0 = Debug|Win32
		{A1028159-1283-4AE4-9D1A-871025ABB536}.Release|x64.ActiveCfg = Release|x64
		{A1028159-1283-4AE4-9D1A-871025ABB536}.Release|x64.Build.0 = Release|x64
		{A1028159-1283-4AE4-9D1A-871025ABB536}.Release|x86.ActiveCfg = Release|Win32
		{A1028159-1283-4AE4-9D1A-871025ABB536}.Release|x86.Build.0 = Release|Win32
		{3102B369-EE24-4B3B-A339-483CB740B6D4}.Debug|x64.ActiveCfg = Debug|x64
		{3102B369-EE24-4B3B-A339-483CB740B6D4}.Debug|x64.Build.0 = Debug|x64
		{3102B369-EE24-4B3B-A339-483CB740B6D4}.Debug|x86.ActiveCfg = Debug|Win32
		{3102B369-EE24-4B3B-A339-483CB740B6D4}.Debug|x86.Build.0 = Debug|Win32
		{3102B369-EE24-4B3B-A339-483CB740B6D4}.Release|x64.ActiveCfg = Release|x64
		{3102B369-EE24-4B3B-A339-483CB740B6D4}.Release|x64.Build.0 = Release|x64
		{3102B369-EE24-4B3B-A339-483CB740B6D4}.Release|x86.ActiveCfg = Release|Win32
		{3102B369-EE24-4B3B-A339-483CB740B6D4}.Release|x86.Build.0 = Release|Win32
		{73208F29-E71E-41CA-B0F1-7ED76A9C0505}.Debug|x64.ActiveCfg = Debug|x64
		{73208F29-E71E-41CA-B0F1-7ED76A9C0505}.Debug|x64.Build.0 = Debug|x64
		{73208F29-E71E-41CA-B0F1-7ED76A9C0505}.Debug|x86.ActiveCfg = Debug|Win32
		{73208F29-E71E-41CA-B0F1-7ED76A9C0505}.Debug|x86.Build.0 = Debug|Win32
		{73208F29-E71E-41CA-B0F1-7ED76A9C0505}.Release|x64.ActiveCfg = Release|x64
		{73208F29-E71E-41CA-B0F1-7ED76A9C0505}.Release|x64.Build.0 = Release|x64
		{73208F29-E71E-41CA-B0F1-7ED76A9C0505}.Release|x86.ActiveCfg = Release|Win32
		{73208F29-E71E-41CA-B0F1-7ED76A9C0505}.Release|x86.Build.0 = Release|Win32
		{B7095D56-E8AC-455E-BE3B-60267053E9E6}.Debug|x64.ActiveCfg = Debug|x64
		{B7095D56-E8AC-455E-BE3B-60267053E9E6}.Debug|x64.Build.0 = Debug|x64
		{B7095D56-E8AC-455E-BE3B-60267053E9E6}.Debug|x86.ActiveCfg = Debug|Win32
		{B7095D56-E8AC-455E-BE3B-60267053E9E6}.Debug|x86.Build.0 = Debug|Win32
		{B7095D56-E8AC-455E-BE3B-60267053E9E6}.Release|x64.ActiveCfg = Release|x64
		{B7095D56-E8AC-455E-BE3B-60267053E9E6}.Release|x64.Build.0 = Release|x64
		{B7095D56-E8AC-455E-BE3B-60267053E9E6}.Release|x86.ActiveCfg = Release|Win32
		{B7095D56-E8AC-455E-BE3B-60267053E9E6}.Release|x86.Build.0 = Release|Win32
		{DAC3723E-E122-41CC-9173-7D5B337A0EAE}.Debug|x64.ActiveCfg = Debug|x64
		{DAC3723E-E122-41CC-9173-7D5B337A0EAE}.Debug|x64.Build.0 = Debug|x64
		{DAC3723E-E122-41CC-9173-7D5B337A0EAE}.Debug|x86.ActiveCfg = Debug|Win32
		{DAC3723E-E122-41CC-9173-7D5B337A0EAE}.Debug|x86.Build.0 = Debug|Win32
		{DAC3723E-E122-41CC-9173-7D5B337A0EAE}.Release|x64.ActiveCfg = Release|x64
		{DAC3723E-E122-41CC-9173-7D5B337A0EAE}.Release|x64.Build.0 = Release|x64
		{DAC3723E-E122-41CC-9173-7D5B337A0EAE}.Release|x86.ActiveCfg = Release|Win32
		{DAC3723E-E122-41CC-9173-7D5B337A0EAE}.Release|x86.Build.0 = Release|Win32
		{5172CFBD-24CA-4519-AFBC-EA05D9A3F09C}.Debug|x64.ActiveCfg = Debug|x64
		{5172CFBD-24CA-4519-AFBC-EA05D9A3F09C}.Debug|x64.Build.0 = Debug|x64
		{5172CFBD-24CA-4519-AFBC-EA05D9A3F09C}.Debug|x86.ActiveCfg = Debug|Win32
		{5172CFBD-24CA-4519-AFBC-EA05D9A3F09C}.Debug|x86.Build.0 = Debug|Win32
		{5172CFBD-24CA-4519-AFBC-EA05D9A3F09C}.Release|x64.ActiveCfg = Release|x64
		{5172CFBD-24CA-4519-AFBC-EA05D9A3F09C}.Release|x64.Build.0 = Release|x64
		{5172CFBD-24CA-4519-AFBC-EA05D9A3F09C}.Release|x86.ActiveCfg = Release|Win32
		{5172CFBD-24CA-4519-AFBC-EA05D9A3F09C}.Release|x86.Build.0 = Release|Win32
		{6D87877C-C38E-4F2B-908D-F55396989501}.Debug|x64.ActiveCfg = Debug|x64
		{6D87877C-C38E-4F2B-908D-F55396989501}.Debug|x64.Build.0 = Debug|x64
		{6D87877C-C38E-4F2B-908D-F55396989501}.Debug|x86.ActiveCfg = Debug|Win32
		{6D87877C-C38E-4F2B-908D-F55396989501}.Debug|x86.Build.0 = Debug|Win32
		{6D87877C-C38E-4F2B-908D-F55396989501}.Release|x64.ActiveCfg = Release|x64
		{6D87877C-C38E-4F2B-908D-F55396989501}.Release|x64.Build.0 = Release|x64
		{6D87877C-C38E-4F2B-908D-F55396989501}.Release|x86.ActiveCfg = Release|Win32
		{6D87877C-C38E-4F2B-908D-F55396989501}.Release|x86.Build.0 = Release|Win32
		{73D9744B-95E2-45F6-A951-CADF9EB549E7}.Debug|x64.ActiveCfg = Debug|x64
		{73D9744B-95E2-45F6-A951-CADF9EB549E7}.Debug|x64.Build.0 = Debug|x64
		{73D9744B-95E2-45F6-A951-CADF9EB549E7}.Debug|x86.ActiveCfg = Debug|Win32
		{73D9744B-95E2-45F6-A951-CADF9EB549E7}.Debug|x86.Build.0 = Debug|Win32
		{73D9744B-95E2-45F6-A951-CADF9EB549E7}.Release|x64.ActiveCfg = Release|x64
		{73D9744B-95E2-45F6-A951-CADF9EB549E7}.Release|x64.Build.0 = Release|x64
		{73D9744B-95E2-45F6-A951-CADF9EB549E7}.Release|x86.ActiveCfg = Release|Win32
		{73D9744B-95E2-45F6-A951-CADF9EB549E7}.Release|x86.Build.0 = Release|Win32
		{FD8B9A06-C59F-46F1-88CE-CD01579CE5EE}.Debug|x64.ActiveCfg = Debug|x64
		{FD8B9A06-C59F-46F1-88CE-CD01579CE5EE}.Debug|x64.Build.0 = Debug|x64
		{FD8B9A06-C59F-46F1-88CE-CD01579CE5EE}.Debug|x86.ActiveCfg = Debug|Win32
		{FD8B9A06-C59F-46F1-88CE-CD01579CE5EE}.Debug|x86.Build.0 = Debug|Win32
		{FD8B9A06-C59F-46F1-88CE-CD01579CE5EE}.Release|x64.ActiveCfg = Release|x64
		{FD8B9A06-C59F-46F1-88CE-CD01579CE5EE}.Release|x64.Build.0 = Release|x64
		{FD8B9A06-C59F-46F1-88CE-CD01579CE5EE}.Release|x86.ActiveCfg = Release|Win32
		{FD8B9A06-C59F-46F1-88CE-CD01579CE5EE}.Release|x86.Build.0 = Release|Win32
		{DEE91302-9EF0-4748-A8D1-D0DB2385FD8D}.Debug|x64.ActiveCfg = Debug|x64
		{DEE91302-9EF0-4748-A8D1-D0DB2385FD8D}.Debug|x64.Build.0 = Debug|x64
		{DEE91302-9EF0-4748-A8D1-D0DB2385FD8D}.Debug|x86.ActiveCfg = Debug|Win32
		{DEE91302-9EF0-4748-A8D1-D0DB2385FD8D}.Debug|x86.Build.0 = Debug|Win32
		{DEE91302-9EF0-4748-A8D1-D0DB2385FD8D}.Release|x64.ActiveCfg = Release|x64
		{DEE91302-9EF0-4748-A8D1-D0DB2385FD8D}.Release|x64.Build.0 = Release|x64
		{DEE91302-9EF0-4748-A8D1-D0DB2385FD8D}.Release|x86.ActiveCfg = Release|Win32
		{DEE91302-9EF0-4748-A8D1-D0DB2385FD8D}.Release|x86.Build.0 = Release|Win32
		{DC0048A5-54EF-436F-A703-6269DAE5EEAF}.Debug|x64.ActiveCfg = Debug|x64
		{DC0048A5-54EF-436F-A703-6269DAE5EEAF}.Debug|x64.Build.0 = Debug|x64
		{DC0048A5-54EF-436F-A703-6269DAE5EEAF}.Debug|x86.ActiveCfg = Debug|Win32
		{DC0048A5-54EF-436F-A703-6269DAE5EEAF}.Debug|x86.Build.0 = Debug|Win32
		{DC0048A5-54EF-436F-A703-6269DAE5EEAF}.Release|x64.ActiveCfg = Release|x64
		{DC0048A5-54EF-436F-A703-6269DAE5EEAF}.Release|x64.Build.0 = Release|x64
		{DC0048A5-54EF-436F-A703-6269DAE5EEAF}.Release|x86.ActiveCfg = Release|Win32
		{DC0048A5-54EF-436F-A703-6269DAE5EEAF}.Release|x86.Build.0 = Release|Win32
		{9221D56C-D02C-42DA-86AE-AC8B20897D77}.Debug|x64.ActiveCfg = Debug|x64
		{9221D56C-D02C-42DA-86AE-AC8B20897D77}.Debug|x64.Build.0 = Debug|x64
		{9221D56C-D02C-42DA-86AE-AC8B20897D77}.Debug|x86.ActiveCfg = Debug|Win32
		{9221D56C-D02C-42DA-86AE-AC8B20897D77}.Debug|x86.Build.0 = Debug|Win32
		{9221D56C-D02C-42DA-86AE-AC8B20897D77}.Release|x64.ActiveCfg = Release|x64
		{9221D56C-D02C-42DA-86AE-AC8B20897D77}.Release|x64.Build.0 = Release|x64
		{9221D56C-D02C-42DA-86AE-AC8B20897D77}.Release|x86.ActiveCfg = Release|Win32
		{9221D56C-D02C-42DA-86AE-AC8B20897D77}.Release|x86.Build.0 = Release|Win32
		{7CDD37B7-57CD-483F-A2DD-A09D09B5CB49}.Debug|x64.ActiveCfg = Debug|x64
		{7CDD37B7-57CD-483F-A2DD-A09D09B5CB49}.Debug|x64.Build.0 = Debug|x64
		{7CDD37B7-57CD-483F-A2DD-A09D09B5CB49}.Debug|x86.ActiveCfg = Debug|Win32
		{7CDD37B7-57CD-483F-A2DD-A09D09B5CB49}.Debug|x86.Build.0 = Debug|Win32
		{7CDD37B7-57CD-483F-A2DD-A09D09B5CB49}.Release|x64.ActiveCfg = Release|x64
		{7CDD37B7-57CD-483F-A2DD-A09D09B5CB49}.Release|x64.Build.0 = Release|x64
		{7CDD37B7-57CD-483F-A2DD-A09D09B5CB49}.Release|x86.ActiveCfg = Release|Win32
		{7CDD37B7-57CD-483F-A2DD-A09D09B5CB49}.Release|x86.Build.0 = Release|Win32
		{CFF3D15C-9DD2-4B14-B6CB-B7E55C72BB6B}.Debug|x64.ActiveCfg = Debug|x64
		{CFF3D15C-9DD2-4B14-B6CB-B7E55C72BB6B}.Debug|x64.Build.0 = Debug|x64
		{CFF3D15C-9DD2-4B14-B6CB-B7E55C72BB6B}.Debug|x86.ActiveCfg = Debug|Win32
		{CFF3D15C-9DD2-4B14-B6CB-B7E55C72BB6B}.Debug|x86.Build.0 = Debug|Win32
		{CFF3D15C-9DD2-4B14-B6CB-B7E55C72BB6B}.Release|x64.ActiveCfg = Release|x64
		{CFF3D15C-9DD2-4B14-B6CB-B7E55C72BB6B}.Release|x64.Build.0 = Release|x64
		{CFF3D15C-9DD2-4B14-B6CB-B7E55C72BB6B}.Release|x86.ActiveCfg = Release|Win32
		{CFF3D15C-9DD2-4B14-B6CB-B7E55C72BB6B}.Release|x86.Build.0 = Release|Win32
		{84156A1B-25AF-4605-BE7D-EF78C9DBE779}.Debug|x64.ActiveCfg = Debug|x64
		{84156A1B-25AF-4605-BE7D-EF78C9DBE779}.Debug|x64.Build.0 = Debug|x64
		{84156A1B-25AF-4605-BE7D-EF78C9DBE779}.Debug|x86.ActiveCfg = Debug|Win32
		{84156A1B-25AF-4605-BE7D-EF78C9DBE779}.Debug|x86.Build.0 = Debug|Win32
		{84156A1B-25AF-4605-BE7D-EF78C9DBE779}.Release|x64.ActiveCfg = Release|x64
		{84156A1B-25AF-4605-BE7D-EF78C9DBE779}.Release|x64.Build.0 = Release|x64
		{84156A1B-25AF-4605-BE7D-EF78C9DBE779}.Release|x86.ActiveCfg = Release|Win32
		{84156A1B-25AF-4605-BE7D-EF78C9DBE779}.Release|x86.Build.0 = Release|Win32
	EndGlobalSection
	GlobalSection(SolutionProperties) = preSolution
		HideSolutionNode = FALSE
	EndGlobalSection
	GlobalSection(ExtensibilityGlobals) = postSolution
		SolutionGuid = {803E1F7D-CF47-436D-ADDF-CE4D2729B0DC}
	EndGlobalSection
EndGlobal
